
Microsoft Visual Studio Solution File, Format Version 12.00
# Visual Studio Version 17
VisualStudioVersion = 17.7.34018.315
MinimumVisualStudioVersion = 10.0.40219.1
Project("{FAE04EC0-301F-11D3-BF4B-00C04F79EFBC}") = "Taller_mecanica", "Taller_mecanica\Taller_mecanica.csproj", "{8E290F4E-A508-40A9-A1A5-13808DF11468}"
EndProject
Global
	GlobalSection(SolutionConfigurationPlatforms) = preSolution
		Debug|Any CPU = Debug|Any CPU
		Release|Any CPU = Release|Any CPU
	EndGlobalSection
	GlobalSection(ProjectConfigurationPlatforms) = postSolution
		{8E290F4E-A508-40A9-A1A5-13808DF11468}.Debug|Any CPU.ActiveCfg = Debug|Any CPU
		{8E290F4E-A508-40A9-A1A5-13808DF11468}.Debug|Any CPU.Build.0 = Debug|Any CPU
		{8E290F4E-A508-40A9-A1A5-13808DF11468}.Release|Any CPU.ActiveCfg = Release|Any CPU
		{8E290F4E-A508-40A9-A1A5-13808DF11468}.Release|Any CPU.Build.0 = Release|Any CPU
	EndGlobalSection
	GlobalSection(SolutionProperties) = preSolution
		HideSolutionNode = FALSE
	EndGlobalSection
	GlobalSection(ExtensibilityGlobals) = postSolution
		SolutionGuid = {4C191EA3-16F8-4DF3-8BC1-EA0BFD7406F5}
	EndGlobalSection
EndGlobal
